// !$*UTF8*$!
{
	archiveVersion = 1;
	classes = {
	};
	objectVersion = 50;
	objects = {

/* Begin PBXBuildFile section */
		777109F823CE462D00E3A469 /* AppDelegate.swift in Sources */ = {isa = PBXBuildFile; fileRef = 777109F723CE462D00E3A469 /* AppDelegate.swift */; };
		777109FA23CE462D00E3A469 /* ContentView.swift in Sources */ = {isa = PBXBuildFile; fileRef = 777109F923CE462D00E3A469 /* ContentView.swift */; };
		777109FC23CE462D00E3A469 /* Experience.rcproject in Sources */ = {isa = PBXBuildFile; fileRef = 777109FB23CE462D00E3A469 /* Experience.rcproject */; };
		777109FE23CE462F00E3A469 /* Assets.xcassets in Resources */ = {isa = PBXBuildFile; fileRef = 777109FD23CE462F00E3A469 /* Assets.xcassets */; };
		77710A0123CE462F00E3A469 /* Preview Assets.xcassets in Resources */ = {isa = PBXBuildFile; fileRef = 77710A0023CE462F00E3A469 /* Preview Assets.xcassets */; };
		77710A0423CE462F00E3A469 /* LaunchScreen.storyboard in Resources */ = {isa = PBXBuildFile; fileRef = 77710A0223CE462F00E3A469 /* LaunchScreen.storyboard */; };
		77710A0C23CE7BE200E3A469 /* toy_biplane.usdz in Resources */ = {isa = PBXBuildFile; fileRef = 77710A0B23CE7BE200E3A469 /* toy_biplane.usdz */; };
/* End PBXBuildFile section */

/* Begin PBXFileReference section */
		777109F423CE462D00E3A469 /* HelloWorld-AR-SwiftUI.app */ = {isa = PBXFileReference; explicitFileType = wrapper.application; includeInIndex = 0; path = "HelloWorld-AR-SwiftUI.app"; sourceTree = BUILT_PRODUCTS_DIR; };
		777109F723CE462D00E3A469 /* AppDelegate.swift */ = {isa = PBXFileReference; lastKnownFileType = sourcecode.swift; path = AppDelegate.swift; sourceTree = "<group>"; };
		777109F923CE462D00E3A469 /* ContentView.swift */ = {isa = PBXFileReference; lastKnownFileType = sourcecode.swift; path = ContentView.swift; sourceTree = "<group>"; };
		777109FB23CE462D00E3A469 /* Experience.rcproject */ = {isa = PBXFileReference; lastKnownFileType = file.rcproject; path = Experience.rcproject; sourceTree = "<group>"; };
		777109FD23CE462F00E3A469 /* Assets.xcassets */ = {isa = PBXFileReference; lastKnownFileType = folder.assetcatalog; path = Assets.xcassets; sourceTree = "<group>"; };
		77710A0023CE462F00E3A469 /* Preview Assets.xcassets */ = {isa = PBXFileReference; lastKnownFileType = folder.assetcatalog; path = "Preview Assets.xcassets"; sourceTree = "<group>"; };
		77710A0323CE462F00E3A469 /* Base */ = {isa = PBXFileReference; lastKnownFileType = file.storyboard; name = Base; path = Base.lproj/LaunchScreen.storyboard; sourceTree = "<group>"; };
		77710A0523CE462F00E3A469 /* Info.plist */ = {isa = PBXFileReference; lastKnownFileType = text.plist.xml; path = Info.plist; sourceTree = "<group>"; };
		77710A0B23CE7BE200E3A469 /* toy_biplane.usdz */ = {isa = PBXFileReference; lastKnownFileType = file.usdz; path = toy_biplane.usdz; sourceTree = "<group>"; };
/* End PBXFileReference section */

/* Begin PBXFrameworksBuildPhase section */
		777109F123CE462C00E3A469 /* Frameworks */ = {
			isa = PBXFrameworksBuildPhase;
			buildActionMask = 2147483647;
			files = (
			);
			runOnlyForDeploymentPostprocessing = 0;
		};
/* End PBXFrameworksBuildPhase section */

/* Begin PBXGroup section */
		777109EB23CE462C00E3A469 = {
			isa = PBXGroup;
			children = (
				777109F623CE462D00E3A469 /* HelloWorld-AR-SwiftUI */,
				777109F523CE462D00E3A469 /* Products */,
			);
			sourceTree = "<group>";
		};
		777109F523CE462D00E3A469 /* Products */ = {
			isa = PBXGroup;
			children = (
				777109F423CE462D00E3A469 /* HelloWorld-AR-SwiftUI.app */,
			);
			name = Products;
			sourceTree = "<group>";
		};
		777109F623CE462D00E3A469 /* HelloWorld-AR-SwiftUI */ = {
			isa = PBXGroup;
			children = (
				777109F723CE462D00E3A469 /* AppDelegate.swift */,
				777109F923CE462D00E3A469 /* ContentView.swift */,
				777109FB23CE462D00E3A469 /* Experience.rcproject */,
				777109FD23CE462F00E3A469 /* Assets.xcassets */,
				77710A0223CE462F00E3A469 /* LaunchScreen.storyboard */,
				77710A0B23CE7BE200E3A469 /* toy_biplane.usdz */,
				77710A0523CE462F00E3A469 /* Info.plist */,
				777109FF23CE462F00E3A469 /* Preview Content */,
			);
			path = "HelloWorld-AR-SwiftUI";
			sourceTree = "<group>";
		};
		777109FF23CE462F00E3A469 /* Preview Content */ = {
			isa = PBXGroup;
			children = (
				77710A0023CE462F00E3A469 /* Preview Assets.xcassets */,
			);
			path = "Preview Content";
			sourceTree = "<group>";
		};
/* End PBXGroup section */

/* Begin PBXNativeTarget section */
		777109F323CE462C00E3A469 /* HelloWorld-AR-SwiftUI */ = {
			isa = PBXNativeTarget;
			buildConfigurationList = 77710A0823CE462F00E3A469 /* Build configuration list for PBXNativeTarget "HelloWorld-AR-SwiftUI" */;
			buildPhases = (
				777109F023CE462C00E3A469 /* Sources */,
				777109F123CE462C00E3A469 /* Frameworks */,
				777109F223CE462C00E3A469 /* Resources */,
			);
			buildRules = (
			);
			dependencies = (
			);
			name = "HelloWorld-AR-SwiftUI";
			productName = "HelloWorld-AR-SwiftUI";
			productReference = 777109F423CE462D00E3A469 /* HelloWorld-AR-SwiftUI.app */;
			productType = "com.apple.product-type.application";
		};
/* End PBXNativeTarget section */

/* Begin PBXProject section */
		777109EC23CE462C00E3A469 /* Project object */ = {
			isa = PBXProject;
			attributes = {
				LastSwiftUpdateCheck = 1130;
				LastUpgradeCheck = 1130;
				ORGANIZATIONNAME = "Katsuya Terahata";
				TargetAttributes = {
					777109F323CE462C00E3A469 = {
						CreatedOnToolsVersion = 11.3;
					};
				};
			};
			buildConfigurationList = 777109EF23CE462C00E3A469 /* Build configuration list for PBXProject "HelloWorld-AR-SwiftUI" */;
			compatibilityVersion = "Xcode 9.3";
			developmentRegion = en;
			hasScannedForEncodings = 0;
			knownRegions = (
				en,
				Base,
			);
			mainGroup = 777109EB23CE462C00E3A469;
			productRefGroup = 777109F523CE462D00E3A469 /* Products */;
			projectDirPath = "";
			projectRoot = "";
			targets = (
				777109F323CE462C00E3A469 /* HelloWorld-AR-SwiftUI */,
			);
		};
/* End PBXProject section */

/* Begin PBXResourcesBuildPhase section */
		777109F223CE462C00E3A469 /* Resources */ = {
			isa = PBXResourcesBuildPhase;
			buildActionMask = 2147483647;
			files = (
				77710A0423CE462F00E3A469 /* LaunchScreen.storyboard in Resources */,
				77710A0123CE462F00E3A469 /* Preview Assets.xcassets in Resources */,
				77710A0C23CE7BE200E3A469 /* toy_biplane.usdz in Resources */,
				777109FE23CE462F00E3A469 /* Assets.xcassets in Resources */,
			);
			runOnlyForDeploymentPostprocessing = 0;
		};
/* End PBXResourcesBuildPhase section */

/* Begin PBXSourcesBuildPhase section */
		777109F023CE462C00E3A469 /* Sources */ = {
			isa = PBXSourcesBuildPhase;
			buildActionMask = 2147483647;
			files = (
				777109FA23CE462D00E3A469 /* ContentView.swift in Sources */,
				777109F823CE462D00E3A469 /* AppDelegate.swift in Sources */,
				777109FC23CE462D00E3A469 /* Experience.rcproject in Sources */,
			);
			runOnlyForDeploymentPostprocessing = 0;
		};
/* End PBXSourcesBuildPhase section */

/* Begin PBXVariantGroup section */
		77710A0223CE462F00E3A469 /* LaunchScreen.storyboard */ = {
			isa = PBXVariantGroup;
			children = (
				77710A0323CE462F00E3A469 /* Base */,
			);
			name = LaunchScreen.storyboard;
			sourceTree = "<group>";
		};
/* End PBXVariantGroup section */

/* Begin XCBuildConfiguration section */
		77710A0623CE462F00E3A469 /* Debug */ = {
			isa = XCBuildConfiguration;
			buildSettings = {
				ALWAYS_SEARCH_USER_PATHS = NO;
				CLANG_ANALYZER_NONNULL = YES;
				CLANG_ANALYZER_NUMBER_OBJECT_CONVERSION = YES_AGGRESSIVE;
				CLANG_CXX_LANGUAGE_STANDARD = "gnu++14";
				CLANG_CXX_LIBRARY = "libc++";
				CLANG_ENABLE_MODULES = YES;
				CLANG_ENABLE_OBJC_ARC = YES;
				CLANG_ENABLE_OBJC_WEAK = YES;
				CLANG_WARN_BLOCK_CAPTURE_AUTORELEASING = YES;
				CLANG_WARN_BOOL_CONVERSION = YES;
				CLANG_WARN_COMMA = YES;
				CLANG_WARN_CONSTANT_CONVERSION = YES;
				CLANG_WARN_DEPRECATED_OBJC_IMPLEMENTATIONS = YES;
				CLANG_WARN_DIRECT_OBJC_ISA_USAGE = YES_ERROR;
				CLANG_WARN_DOCUMENTATION_COMMENTS = YES;
				CLANG_WARN_EMPTY_BODY = YES;
				CLANG_WARN_ENUM_CONVERSION = YES;
				CLANG_WARN_INFINITE_RECURSION = YES;
				CLANG_WARN_INT_CONVERSION = YES;
				CLANG_WARN_NON_LITERAL_NULL_CONVERSION = YES;
				CLANG_WARN_OBJC_IMPLICIT_RETAIN_SELF = YES;
				CLANG_WARN_OBJC_LITERAL_CONVERSION = YES;
				CLANG_WARN_OBJC_ROOT_CLASS = YES_ERROR;
				CLANG_WARN_RANGE_LOOP_ANALYSIS = YES;
				CLANG_WARN_STRICT_PROTOTYPES = YES;
				CLANG_WARN_SUSPICIOUS_MOVE = YES;
				CLANG_WARN_UNGUARDED_AVAILABILITY = YES_AGGRESSIVE;
				CLANG_WARN_UNREACHABLE_CODE = YES;
				CLANG_WARN__DUPLICATE_METHOD_MATCH = YES;
				COPY_PHASE_STRIP = NO;
				DEBUG_INFORMATION_FORMAT = dwarf;
				ENABLE_STRICT_OBJC_MSGSEND = YES;
				ENABLE_TESTABILITY = YES;
				GCC_C_LANGUAGE_STANDARD = gnu11;
				GCC_DYNAMIC_NO_PIC = NO;
				GCC_NO_COMMON_BLOCKS = YES;
				GCC_OPTIMIZATION_LEVEL = 0;
				GCC_PREPROCESSOR_DEFINITIONS = (
					"DEBUG=1",
					"$(inherited)",
				);
				GCC_WARN_64_TO_32_BIT_CONVERSION = YES;
				GCC_WARN_ABOUT_RETURN_TYPE = YES_ERROR;
				GCC_WARN_UNDECLARED_SELECTOR = YES;
				GCC_WARN_UNINITIALIZED_AUTOS = YES_AGGRESSIVE;
				GCC_WARN_UNUSED_FUNCTION = YES;
				GCC_WARN_UNUSED_VARIABLE = YES;
				IPHONEOS_DEPLOYMENT_TARGET = 13.2;
				MTL_ENABLE_DEBUG_INFO = INCLUDE_SOURCE;
				MTL_FAST_MATH = YES;
				ONLY_ACTIVE_ARCH = YES;
				SDKROOT = iphoneos;
				SWIFT_ACTIVE_COMPILATION_CONDITIONS = DEBUG;
				SWIFT_OPTIMIZATION_LEVEL = "-Onone";
			};
			name = Debug;
		};
		77710A0723CE462F00E3A469 /* Release */ = {
			isa = XCBuildConfiguration;
			buildSettings = {
				ALWAYS_SEARCH_USER_PATHS = NO;
				CLANG_ANALYZER_NONNULL = YES;
				CLANG_ANALYZER_NUMBER_OBJECT_CONVERSION = YES_AGGRESSIVE;
				CLANG_CXX_LANGUAGE_STANDARD = "gnu++14";
				CLANG_CXX_LIBRARY = "libc++";
				CLANG_ENABLE_MODULES = YES;
				CLANG_ENABLE_OBJC_ARC = YES;
				CLANG_ENABLE_OBJC_WEAK = YES;
				CLANG_WARN_BLOCK_CAPTURE_AUTORELEASING = YES;
				CLANG_WARN_BOOL_CONVERSION = YES;
				CLANG_WARN_COMMA = YES;
				CLANG_WARN_CONSTANT_CONVERSION = YES;
				CLANG_WARN_DEPRECATED_OBJC_IMPLEMENTATIONS = YES;
				CLANG_WARN_DIRECT_OBJC_ISA_USAGE = YES_ERROR;
				CLANG_WARN_DOCUMENTATION_COMMENTS = YES;
				CLANG_WARN_EMPTY_BODY = YES;
				CLANG_WARN_ENUM_CONVERSION = YES;
				CLANG_WARN_INFINITE_RECURSION = YES;
				CLANG_WARN_INT_CONVERSION = YES;
				CLANG_WARN_NON_LITERAL_NULL_CONVERSION = YES;
				CLANG_WARN_OBJC_IMPLICIT_RETAIN_SELF = YES;
				CLANG_WARN_OBJC_LITERAL_CONVERSION = YES;
				CLANG_WARN_OBJC_ROOT_CLASS = YES_ERROR;
				CLANG_WARN_RANGE_LOOP_ANALYSIS = YES;
				CLANG_WARN_STRICT_PROTOTYPES = YES;
				CLANG_WARN_SUSPICIOUS_MOVE = YES;
				CLANG_WARN_UNGUARDED_AVAILABILITY = YES_AGGRESSIVE;
				CLANG_WARN_UNREACHABLE_CODE = YES;
				CLANG_WARN__DUPLICATE_METHOD_MATCH = YES;
				COPY_PHASE_STRIP = NO;
				DEBUG_INFORMATION_FORMAT = "dwarf-with-dsym";
				ENABLE_NS_ASSERTIONS = NO;
				ENABLE_STRICT_OBJC_MSGSEND = YES;
				GCC_C_LANGUAGE_STANDARD = gnu11;
				GCC_NO_COMMON_BLOCKS = YES;
				GCC_WARN_64_TO_32_BIT_CONVERSION = YES;
				GCC_WARN_ABOUT_RETURN_TYPE = YES_ERROR;
				GCC_WARN_UNDECLARED_SELECTOR = YES;
				GCC_WARN_UNINITIALIZED_AUTOS = YES_AGGRESSIVE;
				GCC_WARN_UNUSED_FUNCTION = YES;
				GCC_WARN_UNUSED_VARIABLE = YES;
				IPHONEOS_DEPLOYMENT_TARGET = 13.2;
				MTL_ENABLE_DEBUG_INFO = NO;
				MTL_FAST_MATH = YES;
				SDKROOT = iphoneos;
				SWIFT_COMPILATION_MODE = wholemodule;
				SWIFT_OPTIMIZATION_LEVEL = "-O";
				VALIDATE_PRODUCT = YES;
			};
			name = Release;
		};
		77710A0923CE462F00E3A469 /* Debug */ = {
			isa = XCBuildConfiguration;
			buildSettings = {
				ASSETCATALOG_COMPILER_APPICON_NAME = AppIcon;
				CODE_SIGN_STYLE = Automatic;
				DEVELOPMENT_ASSET_PATHS = "\"HelloWorld-AR-SwiftUI/Preview Content\"";
				DEVELOPMENT_TEAM = 92PPQV3TJA;
				ENABLE_PREVIEWS = YES;
				INFOPLIST_FILE = "HelloWorld-AR-SwiftUI/Info.plist";
				LD_RUNPATH_SEARCH_PATHS = (
					"$(inherited)",
					"@executable_path/Frameworks",
				);
				PRODUCT_BUNDLE_IDENTIFIER = "com.mensco.Hello-World";
				PRODUCT_NAME = "$(TARGET_NAME)";
				SWIFT_VERSION = 5.0;
				TARGETED_DEVICE_FAMILY = "1,2";
			};
			name = Debug;
		};
		77710A0A23CE462F00E3A469 /* Release */ = {
			isa = XCBuildConfiguration;
			buildSettings = {
				ASSETCATALOG_COMPILER_APPICON_NAME = AppIcon;
				CODE_SIGN_STYLE = Automatic;
				DEVELOPMENT_ASSET_PATHS = "\"HelloWorld-AR-SwiftUI/Preview Content\"";
				DEVELOPMENT_TEAM = 92PPQV3TJA;
				ENABLE_PREVIEWS = YES;
				INFOPLIST_FILE = "HelloWorld-AR-SwiftUI/Info.plist";
				LD_RUNPATH_SEARCH_PATHS = (
					"$(inherited)",
					"@executable_path/Frameworks",
				);
				PRODUCT_BUNDLE_IDENTIFIER = "com.mensco.Hello-World";
				PRODUCT_NAME = "$(TARGET_NAME)";
				SWIFT_VERSION = 5.0;
				TARGETED_DEVICE_FAMILY = "1,2";
			};
			name = Release;
		};
/* End XCBuildConfiguration section */

/* Begin XCConfigurationList section */
		777109EF23CE462C00E3A469 /* Build configuration list for PBXProject "HelloWorld-AR-SwiftUI" */ = {
			isa = XCConfigurationList;
			buildConfigurations = (
				77710A0623CE462F00E3A469 /* Debug */,
				77710A0723CE462F00E3A469 /* Release */,
			);
			defaultConfigurationIsVisible = 0;
			defaultConfigurationName = Release;
		};
		77710A0823CE462F00E3A469 /* Build configuration list for PBXNativeTarget "HelloWorld-AR-SwiftUI" */ = {
			isa = XCConfigurationList;
			buildConfigurations = (
				77710A0923CE462F00E3A469 /* Debug */,
				77710A0A23CE462F00E3A469 /* Release */,
			);
			defaultConfigurationIsVisible = 0;
			defaultConfigurationName = Release;
		};
/* End XCConfigurationList section */
	};
	rootObject = 777109EC23CE462C00E3A469 /* Project object */;
}
